// !$*UTF8*$!
{
	archiveVersion = 1;
	classes = {
	};
	objectVersion = 46;
	objects = {

/* Begin PBXBuildFile section */
		89286EF51C98808700961209 /* Main.storyboard in Resources */ = {isa = PBXBuildFile; fileRef = 89286EF41C98808700961209 /* Main.storyboard */; };
		89286EF71C9880B100961209 /* BullsEye.html in Resources */ = {isa = PBXBuildFile; fileRef = 89286EF61C9880B100961209 /* BullsEye.html */; };
		89462A441C6A877500907765 /* AppDelegate.swift in Sources */ = {isa = PBXBuildFile; fileRef = 89462A431C6A877500907765 /* AppDelegate.swift */; };
		89462A461C6A877500907765 /* ViewController.swift in Sources */ = {isa = PBXBuildFile; fileRef = 89462A451C6A877500907765 /* ViewController.swift */; };
		89462A4B1C6A877600907765 /* Assets.xcassets in Resources */ = {isa = PBXBuildFile; fileRef = 89462A4A1C6A877600907765 /* Assets.xcassets */; };
		89462A591C6A877600907765 /* BullseyeTests.swift in Sources */ = {isa = PBXBuildFile; fileRef = 89462A581C6A877600907765 /* BullseyeTests.swift */; };
		89462A641C6A877600907765 /* BullseyeUITests.swift in Sources */ = {isa = PBXBuildFile; fileRef = 89462A631C6A877600907765 /* BullseyeUITests.swift */; };
		895008D71C91D80800EFD827 /* AboutViewController.swift in Sources */ = {isa = PBXBuildFile; fileRef = 895008D61C91D80800EFD827 /* AboutViewController.swift */; };
/* End PBXBuildFile section */

/* Begin PBXContainerItemProxy section */
		89462A551C6A877600907765 /* PBXContainerItemProxy */ = {
			isa = PBXContainerItemProxy;
			containerPortal = 89462A381C6A877500907765 /* Project object */;
			proxyType = 1;
			remoteGlobalIDString = 89462A3F1C6A877500907765;
			remoteInfo = Bullseye;
		};
		89462A601C6A877600907765 /* PBXContainerItemProxy */ = {
			isa = PBXContainerItemProxy;
			containerPortal = 89462A381C6A877500907765 /* Project object */;
			proxyType = 1;
			remoteGlobalIDString = 89462A3F1C6A877500907765;
			remoteInfo = Bullseye;
		};
/* End PBXContainerItemProxy section */

/* Begin PBXFileReference section */
		89286EF41C98808700961209 /* Main.storyboard */ = {isa = PBXFileReference; fileEncoding = 4; lastKnownFileType = file.storyboard; path = Main.storyboard; sourceTree = "<group>"; };
		89286EF61C9880B100961209 /* BullsEye.html */ = {isa = PBXFileReference; fileEncoding = 4; lastKnownFileType = text.html; path = BullsEye.html; sourceTree = "<group>"; };
		89462A401C6A877500907765 /* Bullseye.app */ = {isa = PBXFileReference; explicitFileType = wrapper.application; includeInIndex = 0; path = Bullseye.app; sourceTree = BUILT_PRODUCTS_DIR; };
		89462A431C6A877500907765 /* AppDelegate.swift */ = {isa = PBXFileReference; lastKnownFileType = sourcecode.swift; path = AppDelegate.swift; sourceTree = "<group>"; };
		89462A451C6A877500907765 /* ViewController.swift */ = {isa = PBXFileReference; lastKnownFileType = sourcecode.swift; path = ViewController.swift; sourceTree = "<group>"; };
		89462A4A1C6A877600907765 /* Assets.xcassets */ = {isa = PBXFileReference; lastKnownFileType = folder.assetcatalog; path = Assets.xcassets; sourceTree = "<group>"; };
		89462A4F1C6A877600907765 /* Info.plist */ = {isa = PBXFileReference; lastKnownFileType = text.plist.xml; path = Info.plist; sourceTree = "<group>"; };
		89462A541C6A877600907765 /* BullseyeTests.xctest */ = {isa = PBXFileReference; explicitFileType = wrapper.cfbundle; includeInIndex = 0; path = BullseyeTests.xctest; sourceTree = BUILT_PRODUCTS_DIR; };
		89462A581C6A877600907765 /* BullseyeTests.swift */ = {isa = PBXFileReference; lastKnownFileType = sourcecode.swift; path = BullseyeTests.swift; sourceTree = "<group>"; };
		89462A5A1C6A877600907765 /* Info.plist */ = {isa = PBXFileReference; lastKnownFileType = text.plist.xml; path = Info.plist; sourceTree = "<group>"; };
		89462A5F1C6A877600907765 /* BullseyeUITests.xctest */ = {isa = PBXFileReference; explicitFileType = wrapper.cfbundle; includeInIndex = 0; path = BullseyeUITests.xctest; sourceTree = BUILT_PRODUCTS_DIR; };
		89462A631C6A877600907765 /* BullseyeUITests.swift */ = {isa = PBXFileReference; lastKnownFileType = sourcecode.swift; path = BullseyeUITests.swift; sourceTree = "<group>"; };
		89462A651C6A877600907765 /* Info.plist */ = {isa = PBXFileReference; lastKnownFileType = text.plist.xml; path = Info.plist; sourceTree = "<group>"; };
		895008D61C91D80800EFD827 /* AboutViewController.swift */ = {isa = PBXFileReference; fileEncoding = 4; lastKnownFileType = sourcecode.swift; path = AboutViewController.swift; sourceTree = "<group>"; };
/* End PBXFileReference section */

/* Begin PBXFrameworksBuildPhase section */
		89462A3D1C6A877500907765 /* Frameworks */ = {
			isa = PBXFrameworksBuildPhase;
			buildActionMask = 2147483647;
			files = (
			);
			runOnlyForDeploymentPostprocessing = 0;
		};
		89462A511C6A877600907765 /* Frameworks */ = {
			isa = PBXFrameworksBuildPhase;
			buildActionMask = 2147483647;
			files = (
			);
			runOnlyForDeploymentPostprocessing = 0;
		};
		89462A5C1C6A877600907765 /* Frameworks */ = {
			isa = PBXFrameworksBuildPhase;
			buildActionMask = 2147483647;
			files = (
			);
			runOnlyForDeploymentPostprocessing = 0;
		};
/* End PBXFrameworksBuildPhase section */

/* Begin PBXGroup section */
		89462A371C6A877500907765 = {
			isa = PBXGroup;
			children = (
				89462A421C6A877500907765 /* Bullseye */,
				89462A571C6A877600907765 /* BullseyeTests */,
				89462A621C6A877600907765 /* BullseyeUITests */,
				89462A411C6A877500907765 /* Products */,
			);
			sourceTree = "<group>";
		};
		89462A411C6A877500907765 /* Products */ = {
			isa = PBXGroup;
			children = (
				89462A401C6A877500907765 /* Bullseye.app */,
				89462A541C6A877600907765 /* BullseyeTests.xctest */,
				89462A5F1C6A877600907765 /* BullseyeUITests.xctest */,
			);
			name = Products;
			sourceTree = "<group>";
		};
		89462A421C6A877500907765 /* Bullseye */ = {
			isa = PBXGroup;
			children = (
				89286EF41C98808700961209 /* Main.storyboard */,
				89286EF61C9880B100961209 /* BullsEye.html */,
				89462A431C6A877500907765 /* AppDelegate.swift */,
				89462A451C6A877500907765 /* ViewController.swift */,
				895008D61C91D80800EFD827 /* AboutViewController.swift */,
				89462A4A1C6A877600907765 /* Assets.xcassets */,
				89462A4F1C6A877600907765 /* Info.plist */,
			);
			path = Bullseye;
			sourceTree = "<group>";
		};
		89462A571C6A877600907765 /* BullseyeTests */ = {
			isa = PBXGroup;
			children = (
				89462A581C6A877600907765 /* BullseyeTests.swift */,
				89462A5A1C6A877600907765 /* Info.plist */,
			);
			path = BullseyeTests;
			sourceTree = "<group>";
		};
		89462A621C6A877600907765 /* BullseyeUITests */ = {
			isa = PBXGroup;
			children = (
				89462A631C6A877600907765 /* BullseyeUITests.swift */,
				89462A651C6A877600907765 /* Info.plist */,
			);
			path = BullseyeUITests;
			sourceTree = "<group>";
		};
/* End PBXGroup section */

/* Begin PBXNativeTarget section */
		89462A3F1C6A877500907765 /* Bullseye */ = {
			isa = PBXNativeTarget;
			buildConfigurationList = 89462A681C6A877600907765 /* Build configuration list for PBXNativeTarget "Bullseye" */;
			buildPhases = (
				89462A3C1C6A877500907765 /* Sources */,
				89462A3D1C6A877500907765 /* Frameworks */,
				89462A3E1C6A877500907765 /* Resources */,
			);
			buildRules = (
			);
			dependencies = (
			);
			name = Bullseye;
			productName = Bullseye;
			productReference = 89462A401C6A877500907765 /* Bullseye.app */;
			productType = "com.apple.product-type.application";
		};
		89462A531C6A877600907765 /* BullseyeTests */ = {
			isa = PBXNativeTarget;
			buildConfigurationList = 89462A6B1C6A877600907765 /* Build configuration list for PBXNativeTarget "BullseyeTests" */;
			buildPhases = (
				89462A501C6A877600907765 /* Sources */,
				89462A511C6A877600907765 /* Frameworks */,
				89462A521C6A877600907765 /* Resources */,
			);
			buildRules = (
			);
			dependencies = (
				89462A561C6A877600907765 /* PBXTargetDependency */,
			);
			name = BullseyeTests;
			productName = BullseyeTests;
			productReference = 89462A541C6A877600907765 /* BullseyeTests.xctest */;
			productType = "com.apple.product-type.bundle.unit-test";
		};
		89462A5E1C6A877600907765 /* BullseyeUITests */ = {
			isa = PBXNativeTarget;
			buildConfigurationList = 89462A6E1C6A877600907765 /* Build configuration list for PBXNativeTarget "BullseyeUITests" */;
			buildPhases = (
				89462A5B1C6A877600907765 /* Sources */,
				89462A5C1C6A877600907765 /* Frameworks */,
				89462A5D1C6A877600907765 /* Resources */,
			);
			buildRules = (
			);
			dependencies = (
				89462A611C6A877600907765 /* PBXTargetDependency */,
			);
			name = BullseyeUITests;
			productName = BullseyeUITests;
			productReference = 89462A5F1C6A877600907765 /* BullseyeUITests.xctest */;
			productType = "com.apple.product-type.bundle.ui-testing";
		};
/* End PBXNativeTarget section */

/* Begin PBXProject section */
		89462A381C6A877500907765 /* Project object */ = {
			isa = PBXProject;
			attributes = {
				LastSwiftUpdateCheck = 0720;
				LastUpgradeCheck = 0720;
				ORGANIZATIONNAME = "Keri Clowes";
				TargetAttributes = {
					89462A3F1C6A877500907765 = {
						CreatedOnToolsVersion = 7.2.1;
					};
					89462A531C6A877600907765 = {
						CreatedOnToolsVersion = 7.2.1;
						TestTargetID = 89462A3F1C6A877500907765;
					};
					89462A5E1C6A877600907765 = {
						CreatedOnToolsVersion = 7.2.1;
						TestTargetID = 89462A3F1C6A877500907765;
					};
				};
			};
			buildConfigurationList = 89462A3B1C6A877500907765 /* Build configuration list for PBXProject "Bullseye" */;
			compatibilityVersion = "Xcode 3.2";
			developmentRegion = English;
			hasScannedForEncodings = 0;
			knownRegions = (
				en,
				Base,
			);
			mainGroup = 89462A371C6A877500907765;
			productRefGroup = 89462A411C6A877500907765 /* Products */;
			projectDirPath = "";
			projectRoot = "";
			targets = (
				89462A3F1C6A877500907765 /* Bullseye */,
				89462A531C6A877600907765 /* BullseyeTests */,
				89462A5E1C6A877600907765 /* BullseyeUITests */,
			);
		};
/* End PBXProject section */

/* Begin PBXResourcesBuildPhase section */
		89462A3E1C6A877500907765 /* Resources */ = {
			isa = PBXResourcesBuildPhase;
			buildActionMask = 2147483647;
			files = (
				89286EF71C9880B100961209 /* BullsEye.html in Resources */,
				89462A4B1C6A877600907765 /* Assets.xcassets in Resources */,
				89286EF51C98808700961209 /* Main.storyboard in Resources */,
			);
			runOnlyForDeploymentPostprocessing = 0;
		};
		89462A521C6A877600907765 /* Resources */ = {
			isa = PBXResourcesBuildPhase;
			buildActionMask = 2147483647;
			files = (
			);
			runOnlyForDeploymentPostprocessing = 0;
		};
		89462A5D1C6A877600907765 /* Resources */ = {
			isa = PBXResourcesBuildPhase;
			buildActionMask = 2147483647;
			files = (
			);
			runOnlyForDeploymentPostprocessing = 0;
		};
/* End PBXResourcesBuildPhase section */

/* Begin PBXSourcesBuildPhase section */
		89462A3C1C6A877500907765 /* Sources */ = {
			isa = PBXSourcesBuildPhase;
			buildActionMask = 2147483647;
			files = (
				895008D71C91D80800EFD827 /* AboutViewController.swift in Sources */,
				89462A461C6A877500907765 /* ViewController.swift in Sources */,
				89462A441C6A877500907765 /* AppDelegate.swift in Sources */,
			);
			runOnlyForDeploymentPostprocessing = 0;
		};
		89462A501C6A877600907765 /* Sources */ = {
			isa = PBXSourcesBuildPhase;
			buildActionMask = 2147483647;
			files = (
				89462A591C6A877600907765 /* BullseyeTests.swift in Sources */,
			);
			runOnlyForDeploymentPostprocessing = 0;
		};
		89462A5B1C6A877600907765 /* Sources */ = {
			isa = PBXSourcesBuildPhase;
			buildActionMask = 2147483647;
			files = (
				89462A641C6A877600907765 /* BullseyeUITests.swift in Sources */,
			);
			runOnlyForDeploymentPostprocessing = 0;
		};
/* End PBXSourcesBuildPhase section */

/* Begin PBXTargetDependency section */
		89462A561C6A877600907765 /* PBXTargetDependency */ = {
			isa = PBXTargetDependency;
			target = 89462A3F1C6A877500907765 /* Bullseye */;
			targetProxy = 89462A551C6A877600907765 /* PBXContainerItemProxy */;
		};
		89462A611C6A877600907765 /* PBXTargetDependency */ = {
			isa = PBXTargetDependency;
			target = 89462A3F1C6A877500907765 /* Bullseye */;
			targetProxy = 89462A601C6A877600907765 /* PBXContainerItemProxy */;
		};
/* End PBXTargetDependency section */

/* Begin XCBuildConfiguration section */
		89462A661C6A877600907765 /* Debug */ = {
			isa = XCBuildConfiguration;
			buildSettings = {
				ALWAYS_SEARCH_USER_PATHS = NO;
				CLANG_CXX_LANGUAGE_STANDARD = "gnu++0x";
				CLANG_CXX_LIBRARY = "libc++";
				CLANG_ENABLE_MODULES = YES;
				CLANG_ENABLE_OBJC_ARC = YES;
				CLANG_WARN_BOOL_CONVERSION = YES;
				CLANG_WARN_CONSTANT_CONVERSION = YES;
				CLANG_WARN_DIRECT_OBJC_ISA_USAGE = YES_ERROR;
				CLANG_WARN_EMPTY_BODY = YES;
				CLANG_WARN_ENUM_CONVERSION = YES;
				CLANG_WARN_INT_CONVERSION = YES;
				CLANG_WARN_OBJC_ROOT_CLASS = YES_ERROR;
				CLANG_WARN_UNREACHABLE_CODE = YES;
				CLANG_WARN__DUPLICATE_METHOD_MATCH = YES;
				"CODE_SIGN_IDENTITY[sdk=iphoneos*]" = "iPhone Developer";
				COPY_PHASE_STRIP = NO;
				DEBUG_INFORMATION_FORMAT = dwarf;
				ENABLE_STRICT_OBJC_MSGSEND = YES;
				ENABLE_TESTABILITY = YES;
				GCC_C_LANGUAGE_STANDARD = gnu99;
				GCC_DYNAMIC_NO_PIC = NO;
				GCC_NO_COMMON_BLOCKS = YES;
				GCC_OPTIMIZATION_LEVEL = 0;
				GCC_PREPROCESSOR_DEFINITIONS = (
					"DEBUG=1",
					"$(inherited)",
				);
				GCC_WARN_64_TO_32_BIT_CONVERSION = YES;
				GCC_WARN_ABOUT_RETURN_TYPE = YES_ERROR;
				GCC_WARN_UNDECLARED_SELECTOR = YES;
				GCC_WARN_UNINITIALIZED_AUTOS = YES_AGGRESSIVE;
				GCC_WARN_UNUSED_FUNCTION = YES;
				GCC_WARN_UNUSED_VARIABLE = YES;
				IPHONEOS_DEPLOYMENT_TARGET = 9.2;
				MTL_ENABLE_DEBUG_INFO = YES;
				ONLY_ACTIVE_ARCH = YES;
				SDKROOT = iphoneos;
				SWIFT_OPTIMIZATION_LEVEL = "-Onone";
			};
			name = Debug;
		};
		89462A671C6A877600907765 /* Release */ = {
			isa = XCBuildConfiguration;
			buildSettings = {
				ALWAYS_SEARCH_USER_PATHS = NO;
				CLANG_CXX_LANGUAGE_STANDARD = "gnu++0x";
				CLANG_CXX_LIBRARY = "libc++";
				CLANG_ENABLE_MODULES = YES;
				CLANG_ENABLE_OBJC_ARC = YES;
				CLANG_WARN_BOOL_CONVERSION = YES;
				CLANG_WARN_CONSTANT_CONVERSION = YES;
				CLANG_WARN_DIRECT_OBJC_ISA_USAGE = YES_ERROR;
				CLANG_WARN_EMPTY_BODY = YES;
				CLANG_WARN_ENUM_CONVERSION = YES;
				CLANG_WARN_INT_CONVERSION = YES;
				CLANG_WARN_OBJC_ROOT_CLASS = YES_ERROR;
				CLANG_WARN_UNREACHABLE_CODE = YES;
				CLANG_WARN__DUPLICATE_METHOD_MATCH = YES;
				"CODE_SIGN_IDENTITY[sdk=iphoneos*]" = "iPhone Developer";
				COPY_PHASE_STRIP = NO;
				DEBUG_INFORMATION_FORMAT = "dwarf-with-dsym";
				ENABLE_NS_ASSERTIONS = NO;
				ENABLE_STRICT_OBJC_MSGSEND = YES;
				GCC_C_LANGUAGE_STANDARD = gnu99;
				GCC_NO_COMMON_BLOCKS = YES;
				GCC_WARN_64_TO_32_BIT_CONVERSION = YES;
				GCC_WARN_ABOUT_RETURN_TYPE = YES_ERROR;
				GCC_WARN_UNDECLARED_SELECTOR = YES;
				GCC_WARN_UNINITIALIZED_AUTOS = YES_AGGRESSIVE;
				GCC_WARN_UNUSED_FUNCTION = YES;
				GCC_WARN_UNUSED_VARIABLE = YES;
				IPHONEOS_DEPLOYMENT_TARGET = 9.2;
				MTL_ENABLE_DEBUG_INFO = NO;
				SDKROOT = iphoneos;
				VALIDATE_PRODUCT = YES;
			};
			name = Release;
		};
		89462A691C6A877600907765 /* Debug */ = {
			isa = XCBuildConfiguration;
			buildSettings = {
				ASSETCATALOG_COMPILER_APPICON_NAME = AppIcon;
				INFOPLIST_FILE = Bullseye/Info.plist;
				LD_RUNPATH_SEARCH_PATHS = "$(inherited) @executable_path/Frameworks";
				PRODUCT_BUNDLE_IDENTIFIER = com.kc.Bullseye;
				PRODUCT_NAME = "$(TARGET_NAME)";
			};
			name = Debug;
		};
		89462A6A1C6A877600907765 /* Release */ = {
			isa = XCBuildConfiguration;
			buildSettings = {
				ASSETCATALOG_COMPILER_APPICON_NAME = AppIcon;
				INFOPLIST_FILE = Bullseye/Info.plist;
				LD_RUNPATH_SEARCH_PATHS = "$(inherited) @executable_path/Frameworks";
				PRODUCT_BUNDLE_IDENTIFIER = com.kc.Bullseye;
				PRODUCT_NAME = "$(TARGET_NAME)";
			};
			name = Release;
		};
		89462A6C1C6A877600907765 /* Debug */ = {
			isa = XCBuildConfiguration;
			buildSettings = {
				BUNDLE_LOADER = "$(TEST_HOST)";
				INFOPLIST_FILE = BullseyeTests/Info.plist;
				LD_RUNPATH_SEARCH_PATHS = "$(inherited) @executable_path/Frameworks @loader_path/Frameworks";
				PRODUCT_BUNDLE_IDENTIFIER = com.kc.BullseyeTests;
				PRODUCT_NAME = "$(TARGET_NAME)";
				TEST_HOST = "$(BUILT_PRODUCTS_DIR)/Bullseye.app/Bullseye";
			};
			name = Debug;
		};
		89462A6D1C6A877600907765 /* Release */ = {
			isa = XCBuildConfiguration;
			buildSettings = {
				BUNDLE_LOADER = "$(TEST_HOST)";
				INFOPLIST_FILE = BullseyeTests/Info.plist;
				LD_RUNPATH_SEARCH_PATHS = "$(inherited) @executable_path/Frameworks @loader_path/Frameworks";
				PRODUCT_BUNDLE_IDENTIFIER = com.kc.BullseyeTests;
				PRODUCT_NAME = "$(TARGET_NAME)";
				TEST_HOST = "$(BUILT_PRODUCTS_DIR)/Bullseye.app/Bullseye";
			};
			name = Release;
		};
		89462A6F1C6A877600907765 /* Debug */ = {
			isa = XCBuildConfiguration;
			buildSettings = {
				INFOPLIST_FILE = BullseyeUITests/Info.plist;
				LD_RUNPATH_SEARCH_PATHS = "$(inherited) @executable_path/Frameworks @loader_path/Frameworks";
				PRODUCT_BUNDLE_IDENTIFIER = com.kc.BullseyeUITests;
				PRODUCT_NAME = "$(TARGET_NAME)";
				TEST_TARGET_NAME = Bullseye;
				USES_XCTRUNNER = YES;
			};
			name = Debug;
		};
		89462A701C6A877600907765 /* Release */ = {
			isa = XCBuildConfiguration;
			buildSettings = {
				INFOPLIST_FILE = BullseyeUITests/Info.plist;
				LD_RUNPATH_SEARCH_PATHS = "$(inherited) @executable_path/Frameworks @loader_path/Frameworks";
				PRODUCT_BUNDLE_IDENTIFIER = com.kc.BullseyeUITests;
				PRODUCT_NAME = "$(TARGET_NAME)";
				TEST_TARGET_NAME = Bullseye;
				USES_XCTRUNNER = YES;
			};
			name = Release;
		};
/* End XCBuildConfiguration section */

/* Begin XCConfigurationList section */
		89462A3B1C6A877500907765 /* Build configuration list for PBXProject "Bullseye" */ = {
			isa = XCConfigurationList;
			buildConfigurations = (
				89462A661C6A877600907765 /* Debug */,
				89462A671C6A877600907765 /* Release */,
			);
			defaultConfigurationIsVisible = 0;
			defaultConfigurationName = Release;
		};
		89462A681C6A877600907765 /* Build configuration list for PBXNativeTarget "Bullseye" */ = {
			isa = XCConfigurationList;
			buildConfigurations = (
				89462A691C6A877600907765 /* Debug */,
				89462A6A1C6A877600907765 /* Release */,
			);
			defaultConfigurationIsVisible = 0;
			defaultConfigurationName = Release;
		};
		89462A6B1C6A877600907765 /* Build configuration list for PBXNativeTarget "BullseyeTests" */ = {
			isa = XCConfigurationList;
			buildConfigurations = (
				89462A6C1C6A877600907765 /* Debug */,
				89462A6D1C6A877600907765 /* Release */,
			);
			defaultConfigurationIsVisible = 0;
			defaultConfigurationName = Release;
		};
		89462A6E1C6A877600907765 /* Build configuration list for PBXNativeTarget "BullseyeUITests" */ = {
			isa = XCConfigurationList;
			buildConfigurations = (
				89462A6F1C6A877600907765 /* Debug */,
				89462A701C6A877600907765 /* Release */,
			);
			defaultConfigurationIsVisible = 0;
			defaultConfigurationName = Release;
		};
/* End XCConfigurationList section */
	};
	rootObject = 89462A381C6A877500907765 /* Project object */;
}
